
Microsoft Visual Studio Solution File, Format Version 12.00
# Visual Studio Version 17
VisualStudioVersion = 17.14.36429.23
MinimumVisualStudioVersion = 10.0.40219.1
Project("{FAE04EC0-301F-11D3-BF4B-00C04F79EFBC}") = "GameProj", "GameProj.csproj", "{4686FF75-A12A-4701-8D1F-4A7224933658}"
EndProject
Project("{2150E333-8FDC-42A3-9474-1A3956D46DE8}") = "Tiles", "Tiles", "{754FC069-D67B-A9D7-50A1-8D1CA196D8F1}"
	ProjectSection(SolutionItems) = preProject
		bin\Debug\Tiles\Fence_Corner1.png = bin\Debug\Tiles\Fence_Corner1.png
		bin\Debug\Tiles\Fence_Corner2.png = bin\Debug\Tiles\Fence_Corner2.png
		bin\Debug\Tiles\Fence_H.png = bin\Debug\Tiles\Fence_H.png
		bin\Debug\Tiles\Fence_U.png = bin\Debug\Tiles\Fence_U.png
		bin\Debug\Tiles\Grass.png = bin\Debug\Tiles\Grass.png
		bin\Debug\Tiles\Road.png = bin\Debug\Tiles\Road.png
	EndProjectSection
EndProject
Project("{2150E333-8FDC-42A3-9474-1A3956D46DE8}") = "Элементы решения", "Элементы решения", "{D67283E7-82AA-4F47-BB3A-61F378F8496A}"
	ProjectSection(SolutionItems) = preProject
		bin\Debug\Maps\decor_large1.txt = bin\Debug\Maps\decor_large1.txt
		bin\Debug\Maps\decor_small1.txt = bin\Debug\Maps\decor_small1.txt
		bin\Debug\Maps\level1.txt = bin\Debug\Maps\level1.txt
		bin\Debug\Sprites\MC_D_Walk.png = bin\Debug\Sprites\MC_D_Walk.png
		bin\Debug\Sprites\MC_R_Walk.png = bin\Debug\Sprites\MC_R_Walk.png
		bin\Debug\Sprites\MC_U_Walk.png = bin\Debug\Sprites\MC_U_Walk.png
		bin\Debug\Sprites\Orc_D_Walk.png = bin\Debug\Sprites\Orc_D_Walk.png
		bin\Debug\Sprites\Orc_R_Walk.png = bin\Debug\Sprites\Orc_R_Walk.png
		bin\Debug\Sprites\Orc_U_Walk.png = bin\Debug\Sprites\Orc_U_Walk.png
		bin\Debug\Tiles\Road.png = bin\Debug\Tiles\Road.png
		bin\Debug\Tiles\Road1.png = bin\Debug\Tiles\Road1.png
		bin\Debug\Sprites\Slime_Death.png = bin\Debug\Sprites\Slime_Death.png
		bin\Debug\Sprites\Slime_D_Walk.png = bin\Debug\Sprites\Slime_D_Walk.png
		bin\Debug\Sprites\Slime_R_Walk.png = bin\Debug\Sprites\Slime_R_Walk.png
		bin\Debug\Sprites\Slime_U_Walk.png = bin\Debug\Sprites\Slime_U_Walk.png
		bin\Debug\Tiles\Tree1.png = bin\Debug\Tiles\Tree1.png
		bin\Debug\Tiles\Tree2.png = bin\Debug\Tiles\Tree2.png
	EndProjectSection
EndProject
Global
	GlobalSection(SolutionConfigurationPlatforms) = preSolution
		Debug|Any CPU = Debug|Any CPU
		Release|Any CPU = Release|Any CPU
	EndGlobalSection
	GlobalSection(ProjectConfigurationPlatforms) = postSolution
		{4686FF75-A12A-4701-8D1F-4A7224933658}.Debug|Any CPU.ActiveCfg = Debug|Any CPU
		{4686FF75-A12A-4701-8D1F-4A7224933658}.Debug|Any CPU.Build.0 = Debug|Any CPU
		{4686FF75-A12A-4701-8D1F-4A7224933658}.Release|Any CPU.ActiveCfg = Release|Any CPU
		{4686FF75-A12A-4701-8D1F-4A7224933658}.Release|Any CPU.Build.0 = Release|Any CPU
	EndGlobalSection
	GlobalSection(SolutionProperties) = preSolution
		HideSolutionNode = FALSE
	EndGlobalSection
	GlobalSection(ExtensibilityGlobals) = postSolution
		SolutionGuid = {932A196B-0BE2-4443-906C-3E9D0BA7276D}
	EndGlobalSection
EndGlobal
